
Microsoft Visual Studio Solution File, Format Version 12.00
# Visual Studio 2012
Project("{FAE04EC0-301F-11D3-BF4B-00C04F79EFBC}") = "Basic Text Editor Version Two", "Basic Text Editor Version Two\Basic Text Editor Version Two.csproj", "{315DE8A5-CB2B-4DCD-9907-092C07EA1AE0}"
EndProject
Global
	GlobalSection(SolutionConfigurationPlatforms) = preSolution
		Debug|Any CPU = Debug|Any CPU
		Release|Any CPU = Release|Any CPU
	EndGlobalSection
	GlobalSection(ProjectConfigurationPlatforms) = postSolution
		{315DE8A5-CB2B-4DCD-9907-092C07EA1AE0}.Debug|Any CPU.ActiveCfg = Debug|Any CPU
		{315DE8A5-CB2B-4DCD-9907-092C07EA1AE0}.Debug|Any CPU.Build.0 = Debug|Any CPU
		{315DE8A5-CB2B-4DCD-9907-092C07EA1AE0}.Release|Any CPU.ActiveCfg = Release|Any CPU
		{315DE8A5-CB2B-4DCD-9907-092C07EA1AE0}.Release|Any CPU.Build.0 = Release|Any CPU
	EndGlobalSection
	GlobalSection(SolutionProperties) = preSolution
		HideSolutionNode = FALSE
	EndGlobalSection
EndGlobal
